# This file is autogenerated, do not edit; changes may be undone by the next 'dep ensure'.


[[projects]]
  name = "github.com/gomodule/redigo"
  packages = [
    "internal",
    "redis"
  ]
  revision = "9c11da706d9b7902c6da69c592f75637793fe121"
  version = "v2.0.0"

[[projects]]
  branch = "master"
  name = "github.com/meson10/highbrow"
  packages = ["."]
  revision = "88261ca7babdb56d0a2b44e63a1c99ef62a94494"

[[projects]]
  name = "github.com/patrickmn/go-cache"
  packages = ["."]
  revision = "a3647f8e31d79543b2d0f0ae2fe5c379d72cedc0"
  version = "v2.1.0"

[solve-meta]
  analyzer-name = "dep"
  analyzer-version = 1
  inputs-digest = "e690f3c1a62b4b058c6746b060ac377aa5100facf6f50ff532a2f7c2cc56e66c"
  solver-name = "gps-cdcl"
  solver-version = 1
