# This file is autogenerated, do not edit; changes may be undone by the next 'dep ensure'.


[[projects]]
  name = "github.com/garyburd/redigo"
  packages = [
    "internal",
    "redis"
  ]
  revision = "a69d19351219b6dd56f274f96d85a7014a2ec34e"
  version = "v1.6.0"

[[projects]]
  name = "github.com/patrickmn/go-cache"
  packages = ["."]
  revision = "a3647f8e31d79543b2d0f0ae2fe5c379d72cedc0"
  version = "v2.1.0"

[solve-meta]
  analyzer-name = "dep"
  analyzer-version = 1
  inputs-digest = "6edd6877e57d8f049febd096f006141b312aae0c4d2ebef4224dbb6dac3d0d4c"
  solver-name = "gps-cdcl"
  solver-version = 1
